// !$*UTF8*$!
{
	archiveVersion = 1;
	classes = {
	};
	objectVersion = 46;
	objects = {

/* Begin PBXBuildFile section */
		76B74A721F3B4EA10018AB89 /* AppDelegate.swift in Sources */ = {isa = PBXBuildFile; fileRef = 76B74A711F3B4EA10018AB89 /* AppDelegate.swift */; };
		76B74A741F3B4EA10018AB89 /* ViewController.swift in Sources */ = {isa = PBXBuildFile; fileRef = 76B74A731F3B4EA10018AB89 /* ViewController.swift */; };
		76B74A771F3B4EA10018AB89 /* Main.storyboard in Resources */ = {isa = PBXBuildFile; fileRef = 76B74A751F3B4EA10018AB89 /* Main.storyboard */; };
		76B74A791F3B4EA10018AB89 /* Assets.xcassets in Resources */ = {isa = PBXBuildFile; fileRef = 76B74A781F3B4EA10018AB89 /* Assets.xcassets */; };
		76B74A7C1F3B4EA10018AB89 /* LaunchScreen.storyboard in Resources */ = {isa = PBXBuildFile; fileRef = 76B74A7A1F3B4EA10018AB89 /* LaunchScreen.storyboard */; };
		76B74A861F3B4F7E0018AB89 /* tableViewC.swift in Sources */ = {isa = PBXBuildFile; fileRef = 76B74A851F3B4F7E0018AB89 /* tableViewC.swift */; };
		76B74A881F3B51030018AB89 /* menuTableViewC.swift in Sources */ = {isa = PBXBuildFile; fileRef = 76B74A871F3B51030018AB89 /* menuTableViewC.swift */; };
/* End PBXBuildFile section */

/* Begin PBXFileReference section */
		76B74A6E1F3B4EA10018AB89 /* popupOverMenu.app */ = {isa = PBXFileReference; explicitFileType = wrapper.application; includeInIndex = 0; path = popupOverMenu.app; sourceTree = BUILT_PRODUCTS_DIR; };
		76B74A711F3B4EA10018AB89 /* AppDelegate.swift */ = {isa = PBXFileReference; lastKnownFileType = sourcecode.swift; path = AppDelegate.swift; sourceTree = "<group>"; };
		76B74A731F3B4EA10018AB89 /* ViewController.swift */ = {isa = PBXFileReference; lastKnownFileType = sourcecode.swift; path = ViewController.swift; sourceTree = "<group>"; };
		76B74A761F3B4EA10018AB89 /* Base */ = {isa = PBXFileReference; lastKnownFileType = file.storyboard; name = Base; path = Base.lproj/Main.storyboard; sourceTree = "<group>"; };
		76B74A781F3B4EA10018AB89 /* Assets.xcassets */ = {isa = PBXFileReference; lastKnownFileType = folder.assetcatalog; path = Assets.xcassets; sourceTree = "<group>"; };
		76B74A7B1F3B4EA10018AB89 /* Base */ = {isa = PBXFileReference; lastKnownFileType = file.storyboard; name = Base; path = Base.lproj/LaunchScreen.storyboard; sourceTree = "<group>"; };
		76B74A7D1F3B4EA10018AB89 /* Info.plist */ = {isa = PBXFileReference; lastKnownFileType = text.plist.xml; path = Info.plist; sourceTree = "<group>"; };
		76B74A851F3B4F7E0018AB89 /* tableViewC.swift */ = {isa = PBXFileReference; fileEncoding = 4; lastKnownFileType = sourcecode.swift; path = tableViewC.swift; sourceTree = "<group>"; };
		76B74A871F3B51030018AB89 /* menuTableViewC.swift */ = {isa = PBXFileReference; fileEncoding = 4; lastKnownFileType = sourcecode.swift; path = menuTableViewC.swift; sourceTree = "<group>"; };
/* End PBXFileReference section */

/* Begin PBXFrameworksBuildPhase section */
		76B74A6B1F3B4EA10018AB89 /* Frameworks */ = {
			isa = PBXFrameworksBuildPhase;
			buildActionMask = 2147483647;
			files = (
			);
			runOnlyForDeploymentPostprocessing = 0;
		};
/* End PBXFrameworksBuildPhase section */

/* Begin PBXGroup section */
		76B74A651F3B4EA10018AB89 = {
			isa = PBXGroup;
			children = (
				76B74A701F3B4EA10018AB89 /* popupOverMenu */,
				76B74A6F1F3B4EA10018AB89 /* Products */,
			);
			sourceTree = "<group>";
		};
		76B74A6F1F3B4EA10018AB89 /* Products */ = {
			isa = PBXGroup;
			children = (
				76B74A6E1F3B4EA10018AB89 /* popupOverMenu.app */,
			);
			name = Products;
			sourceTree = "<group>";
		};
		76B74A701F3B4EA10018AB89 /* popupOverMenu */ = {
			isa = PBXGroup;
			children = (
				76B74A711F3B4EA10018AB89 /* AppDelegate.swift */,
				76B74A731F3B4EA10018AB89 /* ViewController.swift */,
				76B74A751F3B4EA10018AB89 /* Main.storyboard */,
				76B74A781F3B4EA10018AB89 /* Assets.xcassets */,
				76B74A7A1F3B4EA10018AB89 /* LaunchScreen.storyboard */,
				76B74A7D1F3B4EA10018AB89 /* Info.plist */,
				76B74A851F3B4F7E0018AB89 /* tableViewC.swift */,
				76B74A871F3B51030018AB89 /* menuTableViewC.swift */,
			);
			path = popupOverMenu;
			sourceTree = "<group>";
		};
/* End PBXGroup section */

/* Begin PBXNativeTarget section */
		76B74A6D1F3B4EA10018AB89 /* popupOverMenu */ = {
			isa = PBXNativeTarget;
			buildConfigurationList = 76B74A801F3B4EA10018AB89 /* Build configuration list for PBXNativeTarget "popupOverMenu" */;
			buildPhases = (
				76B74A6A1F3B4EA10018AB89 /* Sources */,
				76B74A6B1F3B4EA10018AB89 /* Frameworks */,
				76B74A6C1F3B4EA10018AB89 /* Resources */,
			);
			buildRules = (
			);
			dependencies = (
			);
			name = popupOverMenu;
			productName = popupOverMenu;
			productReference = 76B74A6E1F3B4EA10018AB89 /* popupOverMenu.app */;
			productType = "com.apple.product-type.application";
		};
/* End PBXNativeTarget section */

/* Begin PBXProject section */
		76B74A661F3B4EA10018AB89 /* Project object */ = {
			isa = PBXProject;
			attributes = {
				LastSwiftUpdateCheck = 0830;
				LastUpgradeCheck = 0830;
				ORGANIZATIONNAME = Adem;
				TargetAttributes = {
					76B74A6D1F3B4EA10018AB89 = {
						CreatedOnToolsVersion = 8.3.3;
						ProvisioningStyle = Automatic;
					};
				};
			};
			buildConfigurationList = 76B74A691F3B4EA10018AB89 /* Build configuration list for PBXProject "popupOverMenu" */;
			compatibilityVersion = "Xcode 3.2";
			developmentRegion = English;
			hasScannedForEncodings = 0;
			knownRegions = (
				en,
				Base,
			);
			mainGroup = 76B74A651F3B4EA10018AB89;
			productRefGroup = 76B74A6F1F3B4EA10018AB89 /* Products */;
			projectDirPath = "";
			projectRoot = "";
			targets = (
				76B74A6D1F3B4EA10018AB89 /* popupOverMenu */,
			);
		};
/* End PBXProject section */

/* Begin PBXResourcesBuildPhase section */
		76B74A6C1F3B4EA10018AB89 /* Resources */ = {
			isa = PBXResourcesBuildPhase;
			buildActionMask = 2147483647;
			files = (
				76B74A7C1F3B4EA10018AB89 /* LaunchScreen.storyboard in Resources */,
				76B74A791F3B4EA10018AB89 /* Assets.xcassets in Resources */,
				76B74A771F3B4EA10018AB89 /* Main.storyboard in Resources */,
			);
			runOnlyForDeploymentPostprocessing = 0;
		};
/* End PBXResourcesBuildPhase section */

/* Begin PBXSourcesBuildPhase section */
		76B74A6A1F3B4EA10018AB89 /* Sources */ = {
			isa = PBXSourcesBuildPhase;
			buildActionMask = 2147483647;
			files = (
				76B74A861F3B4F7E0018AB89 /* tableViewC.swift in Sources */,
				76B74A741F3B4EA10018AB89 /* ViewController.swift in Sources */,
				76B74A881F3B51030018AB89 /* menuTableViewC.swift in Sources */,
				76B74A721F3B4EA10018AB89 /* AppDelegate.swift in Sources */,
			);
			runOnlyForDeploymentPostprocessing = 0;
		};
/* End PBXSourcesBuildPhase section */

/* Begin PBXVariantGroup section */
		76B74A751F3B4EA10018AB89 /* Main.storyboard */ = {
			isa = PBXVariantGroup;
			children = (
				76B74A761F3B4EA10018AB89 /* Base */,
			);
			name = Main.storyboard;
			sourceTree = "<group>";
		};
		76B74A7A1F3B4EA10018AB89 /* LaunchScreen.storyboard */ = {
			isa = PBXVariantGroup;
			children = (
				76B74A7B1F3B4EA10018AB89 /* Base */,
			);
			name = LaunchScreen.storyboard;
			sourceTree = "<group>";
		};
/* End PBXVariantGroup section */

/* Begin XCBuildConfiguration section */
		76B74A7E1F3B4EA10018AB89 /* Debug */ = {
			isa = XCBuildConfiguration;
			buildSettings = {
				ALWAYS_SEARCH_USER_PATHS = NO;
				CLANG_ANALYZER_NONNULL = YES;
				CLANG_ANALYZER_NUMBER_OBJECT_CONVERSION = YES_AGGRESSIVE;
				CLANG_CXX_LANGUAGE_STANDARD = "gnu++0x";
				CLANG_CXX_LIBRARY = "libc++";
				CLANG_ENABLE_MODULES = YES;
				CLANG_ENABLE_OBJC_ARC = YES;
				CLANG_WARN_BOOL_CONVERSION = YES;
				CLANG_WARN_CONSTANT_CONVERSION = YES;
				CLANG_WARN_DIRECT_OBJC_ISA_USAGE = YES_ERROR;
				CLANG_WARN_DOCUMENTATION_COMMENTS = YES;
				CLANG_WARN_EMPTY_BODY = YES;
				CLANG_WARN_ENUM_CONVERSION = YES;
				CLANG_WARN_INFINITE_RECURSION = YES;
				CLANG_WARN_INT_CONVERSION = YES;
				CLANG_WARN_OBJC_ROOT_CLASS = YES_ERROR;
				CLANG_WARN_SUSPICIOUS_MOVE = YES;
				CLANG_WARN_UNREACHABLE_CODE = YES;
				CLANG_WARN__DUPLICATE_METHOD_MATCH = YES;
				"CODE_SIGN_IDENTITY[sdk=iphoneos*]" = "iPhone Developer";
				COPY_PHASE_STRIP = NO;
				DEBUG_INFORMATION_FORMAT = dwarf;
				ENABLE_STRICT_OBJC_MSGSEND = YES;
				ENABLE_TESTABILITY = YES;
				GCC_C_LANGUAGE_STANDARD = gnu99;
				GCC_DYNAMIC_NO_PIC = NO;
				GCC_NO_COMMON_BLOCKS = YES;
				GCC_OPTIMIZATION_LEVEL = 0;
				GCC_PREPROCESSOR_DEFINITIONS = (
					"DEBUG=1",
					"$(inherited)",
				);
				GCC_WARN_64_TO_32_BIT_CONVERSION = YES;
				GCC_WARN_ABOUT_RETURN_TYPE = YES_ERROR;
				GCC_WARN_UNDECLARED_SELECTOR = YES;
				GCC_WARN_UNINITIALIZED_AUTOS = YES_AGGRESSIVE;
				GCC_WARN_UNUSED_FUNCTION = YES;
				GCC_WARN_UNUSED_VARIABLE = YES;
				IPHONEOS_DEPLOYMENT_TARGET = 10.3;
				MTL_ENABLE_DEBUG_INFO = YES;
				ONLY_ACTIVE_ARCH = YES;
				SDKROOT = iphoneos;
				SWIFT_ACTIVE_COMPILATION_CONDITIONS = DEBUG;
				SWIFT_OPTIMIZATION_LEVEL = "-Onone";
			};
			name = Debug;
		};
		76B74A7F1F3B4EA10018AB89 /* Release */ = {
			isa = XCBuildConfiguration;
			buildSettings = {
				ALWAYS_SEARCH_USER_PATHS = NO;
				CLANG_ANALYZER_NONNULL = YES;
				CLANG_ANALYZER_NUMBER_OBJECT_CONVERSION = YES_AGGRESSIVE;
				CLANG_CXX_LANGUAGE_STANDARD = "gnu++0x";
				CLANG_CXX_LIBRARY = "libc++";
				CLANG_ENABLE_MODULES = YES;
				CLANG_ENABLE_OBJC_ARC = YES;
				CLANG_WARN_BOOL_CONVERSION = YES;
				CLANG_WARN_CONSTANT_CONVERSION = YES;
				CLANG_WARN_DIRECT_OBJC_ISA_USAGE = YES_ERROR;
				CLANG_WARN_DOCUMENTATION_COMMENTS = YES;
				CLANG_WARN_EMPTY_BODY = YES;
				CLANG_WARN_ENUM_CONVERSION = YES;
				CLANG_WARN_INFINITE_RECURSION = YES;
				CLANG_WARN_INT_CONVERSION = YES;
				CLANG_WARN_OBJC_ROOT_CLASS = YES_ERROR;
				CLANG_WARN_SUSPICIOUS_MOVE = YES;
				CLANG_WARN_UNREACHABLE_CODE = YES;
				CLANG_WARN__DUPLICATE_METHOD_MATCH = YES;
				"CODE_SIGN_IDENTITY[sdk=iphoneos*]" = "iPhone Developer";
				COPY_PHASE_STRIP = NO;
				DEBUG_INFORMATION_FORMAT = "dwarf-with-dsym";
				ENABLE_NS_ASSERTIONS = NO;
				ENABLE_STRICT_OBJC_MSGSEND = YES;
				GCC_C_LANGUAGE_STANDARD = gnu99;
				GCC_NO_COMMON_BLOCKS = YES;
				GCC_WARN_64_TO_32_BIT_CONVERSION = YES;
				GCC_WARN_ABOUT_RETURN_TYPE = YES_ERROR;
				GCC_WARN_UNDECLARED_SELECTOR = YES;
				GCC_WARN_UNINITIALIZED_AUTOS = YES_AGGRESSIVE;
				GCC_WARN_UNUSED_FUNCTION = YES;
				GCC_WARN_UNUSED_VARIABLE = YES;
				IPHONEOS_DEPLOYMENT_TARGET = 10.3;
				MTL_ENABLE_DEBUG_INFO = NO;
				SDKROOT = iphoneos;
				SWIFT_OPTIMIZATION_LEVEL = "-Owholemodule";
				VALIDATE_PRODUCT = YES;
			};
			name = Release;
		};
		76B74A811F3B4EA10018AB89 /* Debug */ = {
			isa = XCBuildConfiguration;
			buildSettings = {
				ASSETCATALOG_COMPILER_APPICON_NAME = AppIcon;
				INFOPLIST_FILE = popupOverMenu/Info.plist;
				LD_RUNPATH_SEARCH_PATHS = "$(inherited) @executable_path/Frameworks";
				PRODUCT_BUNDLE_IDENTIFIER = com.adem.t.popupOverMenu;
				PRODUCT_NAME = "$(TARGET_NAME)";
				SWIFT_VERSION = 3.0;
			};
			name = Debug;
		};
		76B74A821F3B4EA10018AB89 /* Release */ = {
			isa = XCBuildConfiguration;
			buildSettings = {
				ASSETCATALOG_COMPILER_APPICON_NAME = AppIcon;
				INFOPLIST_FILE = popupOverMenu/Info.plist;
				LD_RUNPATH_SEARCH_PATHS = "$(inherited) @executable_path/Frameworks";
				PRODUCT_BUNDLE_IDENTIFIER = com.adem.t.popupOverMenu;
				PRODUCT_NAME = "$(TARGET_NAME)";
				SWIFT_VERSION = 3.0;
			};
			name = Release;
		};
/* End XCBuildConfiguration section */

/* Begin XCConfigurationList section */
		76B74A691F3B4EA10018AB89 /* Build configuration list for PBXProject "popupOverMenu" */ = {
			isa = XCConfigurationList;
			buildConfigurations = (
				76B74A7E1F3B4EA10018AB89 /* Debug */,
				76B74A7F1F3B4EA10018AB89 /* Release */,
			);
			defaultConfigurationIsVisible = 0;
			defaultConfigurationName = Release;
		};
		76B74A801F3B4EA10018AB89 /* Build configuration list for PBXNativeTarget "popupOverMenu" */ = {
			isa = XCConfigurationList;
			buildConfigurations = (
				76B74A811F3B4EA10018AB89 /* Debug */,
				76B74A821F3B4EA10018AB89 /* Release */,
			);
			defaultConfigurationIsVisible = 0;
		};
/* End XCConfigurationList section */
	};
	rootObject = 76B74A661F3B4EA10018AB89 /* Project object */;
}
